
Microsoft Visual Studio Solution File, Format Version 12.00
# Visual Studio 15
VisualStudioVersion = 15.0.26430.16
MinimumVisualStudioVersion = 10.0.40219.1
Project("{FAE04EC0-301F-11D3-BF4B-00C04F79EFBC}") = "estadisticasPROTUR", "estadisticasPROTUR\estadisticasPROTUR.csproj", "{A799687E-4E7A-4870-9C8C-3615A9DE5BCB}"
EndProject
Global
	GlobalSection(SolutionConfigurationPlatforms) = preSolution
		Debug|Any CPU = Debug|Any CPU
		Release|Any CPU = Release|Any CPU
	EndGlobalSection
	GlobalSection(ProjectConfigurationPlatforms) = postSolution
		{A799687E-4E7A-4870-9C8C-3615A9DE5BCB}.Debug|Any CPU.ActiveCfg = Debug|Any CPU
		{A799687E-4E7A-4870-9C8C-3615A9DE5BCB}.Debug|Any CPU.Build.0 = Debug|Any CPU
		{A799687E-4E7A-4870-9C8C-3615A9DE5BCB}.Release|Any CPU.ActiveCfg = Release|Any CPU
		{A799687E-4E7A-4870-9C8C-3615A9DE5BCB}.Release|Any CPU.Build.0 = Release|Any CPU
	EndGlobalSection
	GlobalSection(SolutionProperties) = preSolution
		HideSolutionNode = FALSE
	EndGlobalSection
EndGlobal
